
Microsoft Visual Studio Solution File, Format Version 12.00
# Visual Studio Version 17
VisualStudioVersion = 17.11.35222.181
MinimumVisualStudioVersion = 10.0.40219.1
Project("{FAE04EC0-301F-11D3-BF4B-00C04F79EFBC}") = "ConsoleApp11", "ConsoleApp11\ConsoleApp11.csproj", "{77937C6C-187C-4AAF-BB36-68A72197788D}"
EndProject
Global
	GlobalSection(SolutionConfigurationPlatforms) = preSolution
		Debug|Any CPU = Debug|Any CPU
		Release|Any CPU = Release|Any CPU
	EndGlobalSection
	GlobalSection(ProjectConfigurationPlatforms) = postSolution
		{77937C6C-187C-4AAF-BB36-68A72197788D}.Debug|Any CPU.ActiveCfg = Debug|Any CPU
		{77937C6C-187C-4AAF-BB36-68A72197788D}.Debug|Any CPU.Build.0 = Debug|Any CPU
		{77937C6C-187C-4AAF-BB36-68A72197788D}.Release|Any CPU.ActiveCfg = Release|Any CPU
		{77937C6C-187C-4AAF-BB36-68A72197788D}.Release|Any CPU.Build.0 = Release|Any CPU
	EndGlobalSection
	GlobalSection(SolutionProperties) = preSolution
		HideSolutionNode = FALSE
	EndGlobalSection
	GlobalSection(ExtensibilityGlobals) = postSolution
		SolutionGuid = {14D8C01D-C8BF-4A09-9401-A5B91CFA1F80}
	EndGlobalSection
EndGlobal
